
Microsoft Visual Studio Solution File, Format Version 12.00
# Visual Studio Version 17
VisualStudioVersion = 17.3.32929.385
MinimumVisualStudioVersion = 10.0.40219.1
Project("{FAE04EC0-301F-11D3-BF4B-00C04F79EFBC}") = "ApiAssessment", "ApiAssessment\ApiAssessment.csproj", "{9D276D4C-D83D-4CCA-9EF2-CD3AFA2A039A}"
EndProject
Project("{FAE04EC0-301F-11D3-BF4B-00C04F79EFBC}") = "Core", "Core\Core.csproj", "{94F39C57-A51E-4AEC-B3BD-C9A623D03649}"
EndProject
Project("{FAE04EC0-301F-11D3-BF4B-00C04F79EFBC}") = "Infrastructure", "Infrastructure\Infrastructure.csproj", "{F3A3FC4F-CB6F-4EC7-8CF0-68AA00023B72}"
EndProject
Project("{FAE04EC0-301F-11D3-BF4B-00C04F79EFBC}") = "Application", "Application\Application.csproj", "{778CF8DA-CBFA-41F2-9C73-685D630E0669}"
EndProject
Global
	GlobalSection(SolutionConfigurationPlatforms) = preSolution
		Debug|Any CPU = Debug|Any CPU
		Release|Any CPU = Release|Any CPU
	EndGlobalSection
	GlobalSection(ProjectConfigurationPlatforms) = postSolution
		{9D276D4C-D83D-4CCA-9EF2-CD3AFA2A039A}.Debug|Any CPU.ActiveCfg = Debug|Any CPU
		{9D276D4C-D83D-4CCA-9EF2-CD3AFA2A039A}.Debug|Any CPU.Build.0 = Debug|Any CPU
		{9D276D4C-D83D-4CCA-9EF2-CD3AFA2A039A}.Release|Any CPU.ActiveCfg = Release|Any CPU
		{9D276D4C-D83D-4CCA-9EF2-CD3AFA2A039A}.Release|Any CPU.Build.0 = Release|Any CPU
		{94F39C57-A51E-4AEC-B3BD-C9A623D03649}.Debug|Any CPU.ActiveCfg = Debug|Any CPU
		{94F39C57-A51E-4AEC-B3BD-C9A623D03649}.Debug|Any CPU.Build.0 = Debug|Any CPU
		{94F39C57-A51E-4AEC-B3BD-C9A623D03649}.Release|Any CPU.ActiveCfg = Release|Any CPU
		{94F39C57-A51E-4AEC-B3BD-C9A623D03649}.Release|Any CPU.Build.0 = Release|Any CPU
		{F3A3FC4F-CB6F-4EC7-8CF0-68AA00023B72}.Debug|Any CPU.ActiveCfg = Debug|Any CPU
		{F3A3FC4F-CB6F-4EC7-8CF0-68AA00023B72}.Debug|Any CPU.Build.0 = Debug|Any CPU
		{F3A3FC4F-CB6F-4EC7-8CF0-68AA00023B72}.Release|Any CPU.ActiveCfg = Release|Any CPU
		{F3A3FC4F-CB6F-4EC7-8CF0-68AA00023B72}.Release|Any CPU.Build.0 = Release|Any CPU
		{778CF8DA-CBFA-41F2-9C73-685D630E0669}.Debug|Any CPU.ActiveCfg = Debug|Any CPU
		{778CF8DA-CBFA-41F2-9C73-685D630E0669}.Debug|Any CPU.Build.0 = Debug|Any CPU
		{778CF8DA-CBFA-41F2-9C73-685D630E0669}.Release|Any CPU.ActiveCfg = Release|Any CPU
		{778CF8DA-CBFA-41F2-9C73-685D630E0669}.Release|Any CPU.Build.0 = Release|Any CPU
	EndGlobalSection
	GlobalSection(SolutionProperties) = preSolution
		HideSolutionNode = FALSE
	EndGlobalSection
	GlobalSection(ExtensibilityGlobals) = postSolution
		SolutionGuid = {4D518AF3-239F-49E6-B7C2-CDBCF24A5248}
	EndGlobalSection
EndGlobal
